
Microsoft Visual Studio Solution File, Format Version 12.00
# Visual Studio Version 17
VisualStudioVersion = 17.3.32929.385
MinimumVisualStudioVersion = 10.0.40219.1
Project("{FAE04EC0-301F-11D3-BF4B-00C04F79EFBC}") = "FinalSis457LFLR", "FinalSis457LFLR\FinalSis457LFLR.csproj", "{2426EA40-016B-44EA-B94F-ED8638001DE8}"
EndProject
Global
	GlobalSection(SolutionConfigurationPlatforms) = preSolution
		Debug|Any CPU = Debug|Any CPU
		Release|Any CPU = Release|Any CPU
	EndGlobalSection
	GlobalSection(ProjectConfigurationPlatforms) = postSolution
		{2426EA40-016B-44EA-B94F-ED8638001DE8}.Debug|Any CPU.ActiveCfg = Debug|Any CPU
		{2426EA40-016B-44EA-B94F-ED8638001DE8}.Debug|Any CPU.Build.0 = Debug|Any CPU
		{2426EA40-016B-44EA-B94F-ED8638001DE8}.Release|Any CPU.ActiveCfg = Release|Any CPU
		{2426EA40-016B-44EA-B94F-ED8638001DE8}.Release|Any CPU.Build.0 = Release|Any CPU
	EndGlobalSection
	GlobalSection(SolutionProperties) = preSolution
		HideSolutionNode = FALSE
	EndGlobalSection
	GlobalSection(ExtensibilityGlobals) = postSolution
		SolutionGuid = {94B25D2C-F48B-4636-8FF5-1D46252F9D56}
	EndGlobalSection
EndGlobal
